
Microsoft Visual Studio Solution File, Format Version 12.00
# Visual Studio 15
VisualStudioVersion = 15.0.28307.1927
MinimumVisualStudioVersion = 10.0.40219.1
Project("{FAE04EC0-301F-11D3-BF4B-00C04F79EFBC}") = "FlickZip", "FlickZip\FlickZip.csproj", "{4410B187-57FF-4E44-BD83-50EDD3E8511E}"
EndProject
Global
	GlobalSection(SolutionConfigurationPlatforms) = preSolution
		Debug|Any CPU = Debug|Any CPU
		Release|Any CPU = Release|Any CPU
	EndGlobalSection
	GlobalSection(ProjectConfigurationPlatforms) = postSolution
		{4410B187-57FF-4E44-BD83-50EDD3E8511E}.Debug|Any CPU.ActiveCfg = Debug|Any CPU
		{4410B187-57FF-4E44-BD83-50EDD3E8511E}.Debug|Any CPU.Build.0 = Debug|Any CPU
		{4410B187-57FF-4E44-BD83-50EDD3E8511E}.Release|Any CPU.ActiveCfg = Release|Any CPU
		{4410B187-57FF-4E44-BD83-50EDD3E8511E}.Release|Any CPU.Build.0 = Release|Any CPU
	EndGlobalSection
	GlobalSection(SolutionProperties) = preSolution
		HideSolutionNode = FALSE
	EndGlobalSection
	GlobalSection(ExtensibilityGlobals) = postSolution
		SolutionGuid = {E2845607-3007-4B41-8369-81EBC2415B2D}
	EndGlobalSection
EndGlobal
